# This file is autogenerated, do not edit; changes may be undone by the next 'dep ensure'.


[[projects]]
  name = "github.com/mattn/go-sqlite3"
  packages = ["."]
  revision = "6c771bb9887719704b210e87e934f08be014bdb1"
  version = "v1.6.0"

[solve-meta]
  analyzer-name = "dep"
  analyzer-version = 1
  inputs-digest = "ddf8aed127aeec3088983531b9cd0646f043ff7173ed6e364db5aa5df31b285e"
  solver-name = "gps-cdcl"
  solver-version = 1
